<Project xmlns="http://schemas.microsoft.com/developer/msbuild/2003">
    <PropertyGroup>
        <Base>True</Base>
        <AppType>Console</AppType>
        <Config Condition="'$(Config)'==''">GUI</Config>
        <FrameworkType>None</FrameworkType>
        <MainSource>DelphiLintClientTest.dpr</MainSource>
        <Platform Condition="'$(Platform)'==''">Win32</Platform>
        <ProjectGuid>{602BACA7-000B-4E3A-AD44-97865D89E115}</ProjectGuid>
        <ProjectVersion>19.5</ProjectVersion>
        <TargetedPlatforms>1</TargetedPlatforms>
    </PropertyGroup>
    <PropertyGroup Condition="'$(Config)'=='Base' or '$(Base)'!=''">
        <Base>true</Base>
    </PropertyGroup>
    <PropertyGroup Condition="('$(Platform)'=='Win32' and '$(Base)'=='true') or '$(Base_Win32)'!=''">
        <Base_Win32>true</Base_Win32>
        <CfgParent>Base</CfgParent>
        <Base>true</Base>
    </PropertyGroup>
    <PropertyGroup Condition="'$(Config)'=='GUI' or '$(Cfg_1)'!=''">
        <Cfg_1>true</Cfg_1>
        <CfgParent>Base</CfgParent>
        <Base>true</Base>
    </PropertyGroup>
    <PropertyGroup Condition="('$(Platform)'=='Win32' and '$(Cfg_1)'=='true') or '$(Cfg_1_Win32)'!=''">
        <Cfg_1_Win32>true</Cfg_1_Win32>
        <CfgParent>Cfg_1</CfgParent>
        <Cfg_1>true</Cfg_1>
        <Base>true</Base>
    </PropertyGroup>
    <PropertyGroup Condition="'$(Config)'=='Console' or '$(Cfg_3)'!=''">
        <Cfg_3>true</Cfg_3>
        <CfgParent>Base</CfgParent>
        <Base>true</Base>
    </PropertyGroup>
    <PropertyGroup Condition="('$(Platform)'=='Win32' and '$(Cfg_3)'=='true') or '$(Cfg_3_Win32)'!=''">
        <Cfg_3_Win32>true</Cfg_3_Win32>
        <CfgParent>Cfg_3</CfgParent>
        <Cfg_3>true</Cfg_3>
        <Base>true</Base>
    </PropertyGroup>
    <PropertyGroup Condition="'$(Base)'!=''">
        <SanitizedProjectName>DelphiLintClientTest</SanitizedProjectName>
        <DCC_DcpOutput>.\target\$(Platform)\$(Config)</DCC_DcpOutput>
        <DCC_DcuOutput>.\target\$(Platform)\$(Config)\dcu</DCC_DcuOutput>
        <DCC_ExeOutput>.\target\$(Platform)\$(Config)</DCC_ExeOutput>
        <DCC_Namespace>System;Xml;Data;Datasnap;Web;Soap;$(DCC_Namespace)</DCC_Namespace>
        <DCC_UnitSearchPath>$(DUnitX);..\source;$(BDS)\source\Indy10\Core;$(BDS)\source\Indy10\System;$(BDS)\source\Indy10\Protocols;$(DCC_UnitSearchPath)</DCC_UnitSearchPath>
        <Icns_MainIcns>$(BDS)\bin\delphi_PROJECTICNS.icns</Icns_MainIcns>
        <Icon_MainIcon>$(BDS)\bin\delphi_PROJECTICON.ico</Icon_MainIcon>
        <UsingDelphiRTL>true</UsingDelphiRTL>
    </PropertyGroup>
    <PropertyGroup Condition="'$(Base_Win32)'!=''">
        <AppDPIAwarenessMode>none</AppDPIAwarenessMode>
        <BT_BuildType>Debug</BT_BuildType>
        <DCC_DebugDCUs>true</DCC_DebugDCUs>
        <DCC_GenerateStackFrames>true</DCC_GenerateStackFrames>
        <DCC_IntegerOverflowCheck>true</DCC_IntegerOverflowCheck>
        <DCC_Namespace>Winapi;System.Win;Data.Win;Datasnap.Win;Web.Win;Soap.Win;Xml.Win;Bde;$(DCC_Namespace)</DCC_Namespace>
        <DCC_Optimize>false</DCC_Optimize>
        <DCC_RangeChecking>true</DCC_RangeChecking>
        <DCC_RunTimeTypeInfo>true</DCC_RunTimeTypeInfo>
        <DCC_UsePackage>dxPSdxSpreadSheetLnkRS28;vclwinx;fmx;vclie;DbxCommonDriver;bindengine;VCLRESTComponents;FireDACCommonODBC;cxGridEMFRS28;cxExportRS28;FireDACCommonDriver;dxPSPrVwRibbonRS28;appanalytics;IndyProtocols;vclx;dbxcds;vcledge;dxCloudServiceLibraryRS28;cxLibraryRS28;bindcompvclwinx;FmxTeeUI;dxGDIPlusRS28;bindcompfmx;dxCoreRS28;inetdb;dxSpreadSheetCoreRS28;dxPSCoreRS28;FireDACSqliteDriver;DbxClientDriver;dxSpreadSheetRS28;dxTabbedMDIRS28;Tee;soapmidas;dxBarRS28;vclactnband;TeeUI;dxWizardControlRS28;fmxFireDAC;dbexpress;dxADOServerModeRS28;Jcl;CEF4DelphiVCLRTL;DBXMySQLDriver;VclSmp;inet;sbridge280;dxServerModeRS28;dxPSdxLCLnkRS28;vcltouch;fmxase;cxTreeListRS28;dxBarDBNavRS28;dbrtl;dxPSLnksRS28;omDDControlsAlex;fmxdae;TeeDB;dxPScxCommonRS28;omUtilsAlex;FireDACMSAccDriver;AdRockSuiteAlex;CustomIPTransport;dxNavBarRS28;omIDEWizardsAlex;CEF4DelphiFMXRTL;dxSpreadSheetReportDesignerRS28;vcldsnap;dxComnRS28;DBXInterBaseDriver;IndySystem;dxSpreadSheetConditionalFormattingDialogsRS28;vcldb;dxDBXServerModeRS28;dxPSDBTeeChartRS28;dxmdsRS28;dxPsPrVwAdvRS28;dxRibbonRS28;VirtualTreesR;dxPScxExtCommonRS28;vclFireDAC;omWebComponentsAlex;bindcomp;FireDACCommon;dxPScxGridLnkRS28;IndyCore;RESTBackendComponents;dxRibbonCustomizationFormRS28;dxBarExtDBItemsRS28;bindcompdbx;cxTreeListdxBarPopupMenuRS28;rtl;FireDACMySQLDriver;FireDACADSDriver;RESTComponents;RichViewActionsD11;DBXSqliteDriver;vcl;dsnapxml;adortl;dsnapcon;dxBarExtItemsRS28;dxPSTeeChartRS28;dxSpreadSheetCoreConditionalFormattingDialogsRS28;RVHunSpellPkgD11;cxGridRS28;vclimg;FireDACPgDriver;FireDAC;inetdbxpress;xmlrtl;tethering;bindcompvcl;dsnap;dxEMFRS28;CloudService;dxPScxTLLnkRS28;fmxobj;bindcompvclsmp;FMXTee;dxPScxPCProdRS28;RVPkgD11;soaprtl;Spring.Data;Markdown;soapserver;FireDACIBDriver;$(DCC_UsePackage)</DCC_UsePackage>
        <Manifest_File>(None)</Manifest_File>
        <VerInfo_Keys>CompanyName=;FileDescription=$(MSBuildProjectName);FileVersion=1.0.0.0;InternalName=;LegalCopyright=;LegalTrademarks=;OriginalFilename=;ProgramID=com.embarcadero.$(MSBuildProjectName);ProductName=$(MSBuildProjectName);ProductVersion=1.0.0.0;Comments=</VerInfo_Keys>
        <VerInfo_Locale>1033</VerInfo_Locale>
    </PropertyGroup>
    <PropertyGroup Condition="'$(Cfg_1)'!=''">
        <DCC_DebugDCUs>true</DCC_DebugDCUs>
        <DCC_DebugInfoInExe>true</DCC_DebugInfoInExe>
        <DCC_Define>DEBUG;TESTGUI;$(DCC_Define)</DCC_Define>
        <DCC_GenerateStackFrames>true</DCC_GenerateStackFrames>
        <DCC_IntegerOverflowCheck>true</DCC_IntegerOverflowCheck>
        <DCC_Optimize>false</DCC_Optimize>
        <DCC_RangeChecking>true</DCC_RangeChecking>
        <DCC_RemoteDebug>true</DCC_RemoteDebug>
        <DCC_UnitSearchPath>$(BDS)\source\DunitX;$(DCC_UnitSearchPath)</DCC_UnitSearchPath>
    </PropertyGroup>
    <PropertyGroup Condition="'$(Cfg_1_Win32)'!=''">
        <DCC_RemoteDebug>false</DCC_RemoteDebug>
        <VerInfo_Locale>1033</VerInfo_Locale>
    </PropertyGroup>
    <PropertyGroup Condition="'$(Cfg_3)'!=''">
        <DCC_Define>DEBUG;$(DCC_Define)</DCC_Define>
    </PropertyGroup>
    <PropertyGroup Condition="'$(Cfg_3_Win32)'!=''">
        <VerInfo_Locale>1033</VerInfo_Locale>
    </PropertyGroup>
    <ItemGroup>
        <DelphiCompile Include="$(MainSource)">
            <MainSource>MainSource</MainSource>
        </DelphiCompile>
        <DCCReference Include="DelphiLintTest.Events.pas"/>
        <DCCReference Include="DelphiLintTest.Data.pas"/>
        <BuildConfiguration Include="Base">
            <Key>Base</Key>
        </BuildConfiguration>
        <BuildConfiguration Include="GUI">
            <Key>Cfg_1</Key>
            <CfgParent>Base</CfgParent>
        </BuildConfiguration>
        <BuildConfiguration Include="Console">
            <Key>Cfg_3</Key>
            <CfgParent>Base</CfgParent>
        </BuildConfiguration>
    </ItemGroup>
    <ProjectExtensions>
        <Borland.Personality>Delphi.Personality.12</Borland.Personality>
        <Borland.ProjectType>Application</Borland.ProjectType>
        <BorlandProject>
            <Delphi.Personality>
                <Source>
                    <Source Name="MainSource">DelphiLintClientTest.dpr</Source>
                </Source>
                <Excluded_Packages/>
            </Delphi.Personality>
            <Deployment Version="4">
                <DeployFile LocalName="target\Win32\Debug\DelphiLintClientTest.exe" Configuration="Debug" Class="ProjectOutput">
                    <Platform Name="Win32">
                        <RemoteName>DelphiLintClientTest.exe</RemoteName>
                        <Overwrite>true</Overwrite>
                    </Platform>
                </DeployFile>
                <DeployFile LocalName="target\Win32\GUI - Debug\DelphiLintClientTest.exe" Configuration="GUI - Debug" Class="ProjectOutput">
                    <Platform Name="Win32">
                        <RemoteName>DelphiLintClientTest.exe</RemoteName>
                        <Overwrite>true</Overwrite>
                    </Platform>
                </DeployFile>
                <DeployFile LocalName="target\Win32\GUI\DelphiLintClientTest.exe" Configuration="GUI" Class="ProjectOutput">
                    <Platform Name="Win32">
                        <RemoteName>DelphiLintClientTest.exe</RemoteName>
                        <Overwrite>true</Overwrite>
                    </Platform>
                </DeployFile>
                <DeployClass Name="AdditionalDebugSymbols">
                    <Platform Name="Win32">
                        <Operation>0</Operation>
                    </Platform>
                </DeployClass>
                <DeployClass Name="DebugSymbols">
                    <Platform Name="Win32">
                        <Operation>0</Operation>
                    </Platform>
                </DeployClass>
                <DeployClass Name="DependencyFramework">
                    <Platform Name="Win32">
                        <Operation>0</Operation>
                    </Platform>
                </DeployClass>
                <DeployClass Name="DependencyModule">
                    <Platform Name="Win32">
                        <Operation>0</Operation>
                        <Extensions>.dll;.bpl</Extensions>
                    </Platform>
                </DeployClass>
                <DeployClass Required="true" Name="DependencyPackage">
                    <Platform Name="Win32">
                        <Operation>0</Operation>
                        <Extensions>.bpl</Extensions>
                    </Platform>
                </DeployClass>
                <DeployClass Name="File">
                    <Platform Name="Win32">
                        <Operation>0</Operation>
                    </Platform>
                </DeployClass>
                <DeployClass Required="true" Name="ProjectOutput">
                    <Platform Name="Win32">
                        <Operation>0</Operation>
                    </Platform>
                </DeployClass>
                <DeployClass Name="ProjectUWPManifest">
                    <Platform Name="Win32">
                        <Operation>1</Operation>
                    </Platform>
                </DeployClass>
                <DeployClass Name="UWP_DelphiLogo150">
                    <Platform Name="Win32">
                        <RemoteDir>Assets</RemoteDir>
                        <Operation>1</Operation>
                    </Platform>
                </DeployClass>
                <DeployClass Name="UWP_DelphiLogo44">
                    <Platform Name="Win32">
                        <RemoteDir>Assets</RemoteDir>
                        <Operation>1</Operation>
                    </Platform>
                </DeployClass>
                <ProjectRoot Platform="Win32" Name="$(PROJECTNAME)"/>
            </Deployment>
            <Platforms>
                <Platform value="Win32">True</Platform>
                <Platform value="Win64">False</Platform>
            </Platforms>
        </BorlandProject>
        <ProjectFileVersion>12</ProjectFileVersion>
    </ProjectExtensions>
    <Import Project="$(BDS)\Bin\CodeGear.Delphi.Targets" Condition="Exists('$(BDS)\Bin\CodeGear.Delphi.Targets')"/>
    <Import Project="$(APPDATA)\Embarcadero\$(BDSAPPDATABASEDIR)\$(PRODUCTVERSION)\UserTools.proj" Condition="Exists('$(APPDATA)\Embarcadero\$(BDSAPPDATABASEDIR)\$(PRODUCTVERSION)\UserTools.proj')"/>
    <Import Project="$(MSBuildProjectName).deployproj" Condition="Exists('$(MSBuildProjectName).deployproj')"/>
</Project>
